// !$*UTF8*$!
{
	archiveVersion = 1;
	classes = {
	};
	objectVersion = 56;
	objects = {

/* Begin PBXBuildFile section */
		E13341992C025167007DDB0C /* YuGiOh.metal in Sources */ = {isa = PBXBuildFile; fileRef = E13341982C025167007DDB0C /* YuGiOh.metal */; };
		E133419D2C026458007DDB0C /* Acelerometer.swift in Sources */ = {isa = PBXBuildFile; fileRef = E133419C2C026458007DDB0C /* Acelerometer.swift */; };
		E133419F2C02F6BC007DDB0C /* ChromaticYuGiOhCard.swift in Sources */ = {isa = PBXBuildFile; fileRef = E133419E2C02F6BC007DDB0C /* ChromaticYuGiOhCard.swift */; };
		E1A9A7B32BE5CD7B005AC78B /* BottomSheet.swift in Sources */ = {isa = PBXBuildFile; fileRef = E1A9A7B22BE5CD7B005AC78B /* BottomSheet.swift */; };
		E1A9A7B52BE5CDA1005AC78B /* CompositionText.swift in Sources */ = {isa = PBXBuildFile; fileRef = E1A9A7B42BE5CDA1005AC78B /* CompositionText.swift */; };
		E1A9A7B72BE5CDC5005AC78B /* AirbnbCard.swift in Sources */ = {isa = PBXBuildFile; fileRef = E1A9A7B62BE5CDC5005AC78B /* AirbnbCard.swift */; };
		E1B8A89E2BE342A70084D5B0 /* animationsApp.swift in Sources */ = {isa = PBXBuildFile; fileRef = E1B8A89D2BE342A70084D5B0 /* animationsApp.swift */; };
		E1B8A8A02BE342A70084D5B0 /* ContentView.swift in Sources */ = {isa = PBXBuildFile; fileRef = E1B8A89F2BE342A70084D5B0 /* ContentView.swift */; };
		E1B8A8A22BE342A80084D5B0 /* Assets.xcassets in Resources */ = {isa = PBXBuildFile; fileRef = E1B8A8A12BE342A80084D5B0 /* Assets.xcassets */; };
		E1B8A8A52BE342A80084D5B0 /* Preview Assets.xcassets in Resources */ = {isa = PBXBuildFile; fileRef = E1B8A8A42BE342A80084D5B0 /* Preview Assets.xcassets */; };
		E1B8A8AF2BE342A80084D5B0 /* animationsTests.swift in Sources */ = {isa = PBXBuildFile; fileRef = E1B8A8AE2BE342A80084D5B0 /* animationsTests.swift */; };
		E1B8A8B92BE342A80084D5B0 /* animationsUITests.swift in Sources */ = {isa = PBXBuildFile; fileRef = E1B8A8B82BE342A80084D5B0 /* animationsUITests.swift */; };
		E1B8A8BB2BE342A80084D5B0 /* animationsUITestsLaunchTests.swift in Sources */ = {isa = PBXBuildFile; fileRef = E1B8A8BA2BE342A80084D5B0 /* animationsUITestsLaunchTests.swift */; };
/* End PBXBuildFile section */

/* Begin PBXContainerItemProxy section */
		E1B8A8AB2BE342A80084D5B0 /* PBXContainerItemProxy */ = {
			isa = PBXContainerItemProxy;
			containerPortal = E1B8A8922BE342A70084D5B0 /* Project object */;
			proxyType = 1;
			remoteGlobalIDString = E1B8A8992BE342A70084D5B0;
			remoteInfo = animations;
		};
		E1B8A8B52BE342A80084D5B0 /* PBXContainerItemProxy */ = {
			isa = PBXContainerItemProxy;
			containerPortal = E1B8A8922BE342A70084D5B0 /* Project object */;
			proxyType = 1;
			remoteGlobalIDString = E1B8A8992BE342A70084D5B0;
			remoteInfo = animations;
		};
/* End PBXContainerItemProxy section */

/* Begin PBXFileReference section */
		E13341982C025167007DDB0C /* YuGiOh.metal */ = {isa = PBXFileReference; lastKnownFileType = sourcecode.metal; path = YuGiOh.metal; sourceTree = "<group>"; };
		E133419C2C026458007DDB0C /* Acelerometer.swift */ = {isa = PBXFileReference; lastKnownFileType = sourcecode.swift; path = Acelerometer.swift; sourceTree = "<group>"; };
		E133419E2C02F6BC007DDB0C /* ChromaticYuGiOhCard.swift */ = {isa = PBXFileReference; lastKnownFileType = sourcecode.swift; path = ChromaticYuGiOhCard.swift; sourceTree = "<group>"; };
		E1A9A7B22BE5CD7B005AC78B /* BottomSheet.swift */ = {isa = PBXFileReference; lastKnownFileType = sourcecode.swift; path = BottomSheet.swift; sourceTree = "<group>"; };
		E1A9A7B42BE5CDA1005AC78B /* CompositionText.swift */ = {isa = PBXFileReference; lastKnownFileType = sourcecode.swift; path = CompositionText.swift; sourceTree = "<group>"; };
		E1A9A7B62BE5CDC5005AC78B /* AirbnbCard.swift */ = {isa = PBXFileReference; lastKnownFileType = sourcecode.swift; path = AirbnbCard.swift; sourceTree = "<group>"; };
		E1B8A89A2BE342A70084D5B0 /* animations.app */ = {isa = PBXFileReference; explicitFileType = wrapper.application; includeInIndex = 0; path = animations.app; sourceTree = BUILT_PRODUCTS_DIR; };
		E1B8A89D2BE342A70084D5B0 /* animationsApp.swift */ = {isa = PBXFileReference; lastKnownFileType = sourcecode.swift; path = animationsApp.swift; sourceTree = "<group>"; };
		E1B8A89F2BE342A70084D5B0 /* ContentView.swift */ = {isa = PBXFileReference; lastKnownFileType = sourcecode.swift; path = ContentView.swift; sourceTree = "<group>"; };
		E1B8A8A12BE342A80084D5B0 /* Assets.xcassets */ = {isa = PBXFileReference; lastKnownFileType = folder.assetcatalog; path = Assets.xcassets; sourceTree = "<group>"; };
		E1B8A8A42BE342A80084D5B0 /* Preview Assets.xcassets */ = {isa = PBXFileReference; lastKnownFileType = folder.assetcatalog; path = "Preview Assets.xcassets"; sourceTree = "<group>"; };
		E1B8A8AA2BE342A80084D5B0 /* animationsTests.xctest */ = {isa = PBXFileReference; explicitFileType = wrapper.cfbundle; includeInIndex = 0; path = animationsTests.xctest; sourceTree = BUILT_PRODUCTS_DIR; };
		E1B8A8AE2BE342A80084D5B0 /* animationsTests.swift */ = {isa = PBXFileReference; lastKnownFileType = sourcecode.swift; path = animationsTests.swift; sourceTree = "<group>"; };
		E1B8A8B42BE342A80084D5B0 /* animationsUITests.xctest */ = {isa = PBXFileReference; explicitFileType = wrapper.cfbundle; includeInIndex = 0; path = animationsUITests.xctest; sourceTree = BUILT_PRODUCTS_DIR; };
		E1B8A8B82BE342A80084D5B0 /* animationsUITests.swift */ = {isa = PBXFileReference; lastKnownFileType = sourcecode.swift; path = animationsUITests.swift; sourceTree = "<group>"; };
		E1B8A8BA2BE342A80084D5B0 /* animationsUITestsLaunchTests.swift */ = {isa = PBXFileReference; lastKnownFileType = sourcecode.swift; path = animationsUITestsLaunchTests.swift; sourceTree = "<group>"; };
/* End PBXFileReference section */

/* Begin PBXFrameworksBuildPhase section */
		E1B8A8972BE342A70084D5B0 /* Frameworks */ = {
			isa = PBXFrameworksBuildPhase;
			buildActionMask = 2147483647;
			files = (
			);
			runOnlyForDeploymentPostprocessing = 0;
		};
		E1B8A8A72BE342A80084D5B0 /* Frameworks */ = {
			isa = PBXFrameworksBuildPhase;
			buildActionMask = 2147483647;
			files = (
			);
			runOnlyForDeploymentPostprocessing = 0;
		};
		E1B8A8B12BE342A80084D5B0 /* Frameworks */ = {
			isa = PBXFrameworksBuildPhase;
			buildActionMask = 2147483647;
			files = (
			);
			runOnlyForDeploymentPostprocessing = 0;
		};
/* End PBXFrameworksBuildPhase section */

/* Begin PBXGroup section */
		E133419A2C026430007DDB0C /* YuGiOh */ = {
			isa = PBXGroup;
			children = (
				E13341982C025167007DDB0C /* YuGiOh.metal */,
				E133419B2C02643B007DDB0C /* Plugins */,
				E133419E2C02F6BC007DDB0C /* ChromaticYuGiOhCard.swift */,
			);
			path = YuGiOh;
			sourceTree = "<group>";
		};
		E133419B2C02643B007DDB0C /* Plugins */ = {
			isa = PBXGroup;
			children = (
				E133419C2C026458007DDB0C /* Acelerometer.swift */,
			);
			path = Plugins;
			sourceTree = "<group>";
		};
		E1A9A7B12BE5CD67005AC78B /* Aribnb */ = {
			isa = PBXGroup;
			children = (
				E1A9A7B22BE5CD7B005AC78B /* BottomSheet.swift */,
				E1A9A7B42BE5CDA1005AC78B /* CompositionText.swift */,
				E1A9A7B62BE5CDC5005AC78B /* AirbnbCard.swift */,
			);
			path = Aribnb;
			sourceTree = "<group>";
		};
		E1B8A8912BE342A70084D5B0 = {
			isa = PBXGroup;
			children = (
				E1B8A89C2BE342A70084D5B0 /* animations */,
				E1B8A8AD2BE342A80084D5B0 /* animationsTests */,
				E1B8A8B72BE342A80084D5B0 /* animationsUITests */,
				E1B8A89B2BE342A70084D5B0 /* Products */,
			);
			sourceTree = "<group>";
		};
		E1B8A89B2BE342A70084D5B0 /* Products */ = {
			isa = PBXGroup;
			children = (
				E1B8A89A2BE342A70084D5B0 /* animations.app */,
				E1B8A8AA2BE342A80084D5B0 /* animationsTests.xctest */,
				E1B8A8B42BE342A80084D5B0 /* animationsUITests.xctest */,
			);
			name = Products;
			sourceTree = "<group>";
		};
		E1B8A89C2BE342A70084D5B0 /* animations */ = {
			isa = PBXGroup;
			children = (
				E133419A2C026430007DDB0C /* YuGiOh */,
				E1A9A7B12BE5CD67005AC78B /* Aribnb */,
				E1B8A89D2BE342A70084D5B0 /* animationsApp.swift */,
				E1B8A89F2BE342A70084D5B0 /* ContentView.swift */,
				E1B8A8A12BE342A80084D5B0 /* Assets.xcassets */,
				E1B8A8A32BE342A80084D5B0 /* Preview Content */,
			);
			path = animations;
			sourceTree = "<group>";
		};
		E1B8A8A32BE342A80084D5B0 /* Preview Content */ = {
			isa = PBXGroup;
			children = (
				E1B8A8A42BE342A80084D5B0 /* Preview Assets.xcassets */,
			);
			path = "Preview Content";
			sourceTree = "<group>";
		};
		E1B8A8AD2BE342A80084D5B0 /* animationsTests */ = {
			isa = PBXGroup;
			children = (
				E1B8A8AE2BE342A80084D5B0 /* animationsTests.swift */,
			);
			path = animationsTests;
			sourceTree = "<group>";
		};
		E1B8A8B72BE342A80084D5B0 /* animationsUITests */ = {
			isa = PBXGroup;
			children = (
				E1B8A8B82BE342A80084D5B0 /* animationsUITests.swift */,
				E1B8A8BA2BE342A80084D5B0 /* animationsUITestsLaunchTests.swift */,
			);
			path = animationsUITests;
			sourceTree = "<group>";
		};
/* End PBXGroup section */

/* Begin PBXNativeTarget section */
		E1B8A8992BE342A70084D5B0 /* animations */ = {
			isa = PBXNativeTarget;
			buildConfigurationList = E1B8A8BE2BE342A80084D5B0 /* Build configuration list for PBXNativeTarget "animations" */;
			buildPhases = (
				E1B8A8962BE342A70084D5B0 /* Sources */,
				E1B8A8972BE342A70084D5B0 /* Frameworks */,
				E1B8A8982BE342A70084D5B0 /* Resources */,
			);
			buildRules = (
			);
			dependencies = (
			);
			name = animations;
			productName = animations;
			productReference = E1B8A89A2BE342A70084D5B0 /* animations.app */;
			productType = "com.apple.product-type.application";
		};
		E1B8A8A92BE342A80084D5B0 /* animationsTests */ = {
			isa = PBXNativeTarget;
			buildConfigurationList = E1B8A8C12BE342A80084D5B0 /* Build configuration list for PBXNativeTarget "animationsTests" */;
			buildPhases = (
				E1B8A8A62BE342A80084D5B0 /* Sources */,
				E1B8A8A72BE342A80084D5B0 /* Frameworks */,
				E1B8A8A82BE342A80084D5B0 /* Resources */,
			);
			buildRules = (
			);
			dependencies = (
				E1B8A8AC2BE342A80084D5B0 /* PBXTargetDependency */,
			);
			name = animationsTests;
			productName = animationsTests;
			productReference = E1B8A8AA2BE342A80084D5B0 /* animationsTests.xctest */;
			productType = "com.apple.product-type.bundle.unit-test";
		};
		E1B8A8B32BE342A80084D5B0 /* animationsUITests */ = {
			isa = PBXNativeTarget;
			buildConfigurationList = E1B8A8C42BE342A80084D5B0 /* Build configuration list for PBXNativeTarget "animationsUITests" */;
			buildPhases = (
				E1B8A8B02BE342A80084D5B0 /* Sources */,
				E1B8A8B12BE342A80084D5B0 /* Frameworks */,
				E1B8A8B22BE342A80084D5B0 /* Resources */,
			);
			buildRules = (
			);
			dependencies = (
				E1B8A8B62BE342A80084D5B0 /* PBXTargetDependency */,
			);
			name = animationsUITests;
			productName = animationsUITests;
			productReference = E1B8A8B42BE342A80084D5B0 /* animationsUITests.xctest */;
			productType = "com.apple.product-type.bundle.ui-testing";
		};
/* End PBXNativeTarget section */

/* Begin PBXProject section */
		E1B8A8922BE342A70084D5B0 /* Project object */ = {
			isa = PBXProject;
			attributes = {
				BuildIndependentTargetsInParallel = 1;
				LastSwiftUpdateCheck = 1530;
				LastUpgradeCheck = 1530;
				TargetAttributes = {
					E1B8A8992BE342A70084D5B0 = {
						CreatedOnToolsVersion = 15.3;
					};
					E1B8A8A92BE342A80084D5B0 = {
						CreatedOnToolsVersion = 15.3;
						TestTargetID = E1B8A8992BE342A70084D5B0;
					};
					E1B8A8B32BE342A80084D5B0 = {
						CreatedOnToolsVersion = 15.3;
						TestTargetID = E1B8A8992BE342A70084D5B0;
					};
				};
			};
			buildConfigurationList = E1B8A8952BE342A70084D5B0 /* Build configuration list for PBXProject "animations" */;
			compatibilityVersion = "Xcode 14.0";
			developmentRegion = en;
			hasScannedForEncodings = 0;
			knownRegions = (
				en,
				Base,
			);
			mainGroup = E1B8A8912BE342A70084D5B0;
			productRefGroup = E1B8A89B2BE342A70084D5B0 /* Products */;
			projectDirPath = "";
			projectRoot = "";
			targets = (
				E1B8A8992BE342A70084D5B0 /* animations */,
				E1B8A8A92BE342A80084D5B0 /* animationsTests */,
				E1B8A8B32BE342A80084D5B0 /* animationsUITests */,
			);
		};
/* End PBXProject section */

/* Begin PBXResourcesBuildPhase section */
		E1B8A8982BE342A70084D5B0 /* Resources */ = {
			isa = PBXResourcesBuildPhase;
			buildActionMask = 2147483647;
			files = (
				E1B8A8A52BE342A80084D5B0 /* Preview Assets.xcassets in Resources */,
				E1B8A8A22BE342A80084D5B0 /* Assets.xcassets in Resources */,
			);
			runOnlyForDeploymentPostprocessing = 0;
		};
		E1B8A8A82BE342A80084D5B0 /* Resources */ = {
			isa = PBXResourcesBuildPhase;
			buildActionMask = 2147483647;
			files = (
			);
			runOnlyForDeploymentPostprocessing = 0;
		};
		E1B8A8B22BE342A80084D5B0 /* Resources */ = {
			isa = PBXResourcesBuildPhase;
			buildActionMask = 2147483647;
			files = (
			);
			runOnlyForDeploymentPostprocessing = 0;
		};
/* End PBXResourcesBuildPhase section */

/* Begin PBXSourcesBuildPhase section */
		E1B8A8962BE342A70084D5B0 /* Sources */ = {
			isa = PBXSourcesBuildPhase;
			buildActionMask = 2147483647;
			files = (
				E13341992C025167007DDB0C /* YuGiOh.metal in Sources */,
				E1A9A7B72BE5CDC5005AC78B /* AirbnbCard.swift in Sources */,
				E1B8A8A02BE342A70084D5B0 /* ContentView.swift in Sources */,
				E133419D2C026458007DDB0C /* Acelerometer.swift in Sources */,
				E1A9A7B52BE5CDA1005AC78B /* CompositionText.swift in Sources */,
				E133419F2C02F6BC007DDB0C /* ChromaticYuGiOhCard.swift in Sources */,
				E1A9A7B32BE5CD7B005AC78B /* BottomSheet.swift in Sources */,
				E1B8A89E2BE342A70084D5B0 /* animationsApp.swift in Sources */,
			);
			runOnlyForDeploymentPostprocessing = 0;
		};
		E1B8A8A62BE342A80084D5B0 /* Sources */ = {
			isa = PBXSourcesBuildPhase;
			buildActionMask = 2147483647;
			files = (
				E1B8A8AF2BE342A80084D5B0 /* animationsTests.swift in Sources */,
			);
			runOnlyForDeploymentPostprocessing = 0;
		};
		E1B8A8B02BE342A80084D5B0 /* Sources */ = {
			isa = PBXSourcesBuildPhase;
			buildActionMask = 2147483647;
			files = (
				E1B8A8B92BE342A80084D5B0 /* animationsUITests.swift in Sources */,
				E1B8A8BB2BE342A80084D5B0 /* animationsUITestsLaunchTests.swift in Sources */,
			);
			runOnlyForDeploymentPostprocessing = 0;
		};
/* End PBXSourcesBuildPhase section */

/* Begin PBXTargetDependency section */
		E1B8A8AC2BE342A80084D5B0 /* PBXTargetDependency */ = {
			isa = PBXTargetDependency;
			target = E1B8A8992BE342A70084D5B0 /* animations */;
			targetProxy = E1B8A8AB2BE342A80084D5B0 /* PBXContainerItemProxy */;
		};
		E1B8A8B62BE342A80084D5B0 /* PBXTargetDependency */ = {
			isa = PBXTargetDependency;
			target = E1B8A8992BE342A70084D5B0 /* animations */;
			targetProxy = E1B8A8B52BE342A80084D5B0 /* PBXContainerItemProxy */;
		};
/* End PBXTargetDependency section */

/* Begin XCBuildConfiguration section */
		E1B8A8BC2BE342A80084D5B0 /* Debug */ = {
			isa = XCBuildConfiguration;
			buildSettings = {
				ALWAYS_SEARCH_USER_PATHS = NO;
				ASSETCATALOG_COMPILER_GENERATE_SWIFT_ASSET_SYMBOL_EXTENSIONS = YES;
				CLANG_ANALYZER_NONNULL = YES;
				CLANG_ANALYZER_NUMBER_OBJECT_CONVERSION = YES_AGGRESSIVE;
				CLANG_CXX_LANGUAGE_STANDARD = "gnu++20";
				CLANG_ENABLE_MODULES = YES;
				CLANG_ENABLE_OBJC_ARC = YES;
				CLANG_ENABLE_OBJC_WEAK = YES;
				CLANG_WARN_BLOCK_CAPTURE_AUTORELEASING = YES;
				CLANG_WARN_BOOL_CONVERSION = YES;
				CLANG_WARN_COMMA = YES;
				CLANG_WARN_CONSTANT_CONVERSION = YES;
				CLANG_WARN_DEPRECATED_OBJC_IMPLEMENTATIONS = YES;
				CLANG_WARN_DIRECT_OBJC_ISA_USAGE = YES_ERROR;
				CLANG_WARN_DOCUMENTATION_COMMENTS = YES;
				CLANG_WARN_EMPTY_BODY = YES;
				CLANG_WARN_ENUM_CONVERSION = YES;
				CLANG_WARN_INFINITE_RECURSION = YES;
				CLANG_WARN_INT_CONVERSION = YES;
				CLANG_WARN_NON_LITERAL_NULL_CONVERSION = YES;
				CLANG_WARN_OBJC_IMPLICIT_RETAIN_SELF = YES;
				CLANG_WARN_OBJC_LITERAL_CONVERSION = YES;
				CLANG_WARN_OBJC_ROOT_CLASS = YES_ERROR;
				CLANG_WARN_QUOTED_INCLUDE_IN_FRAMEWORK_HEADER = YES;
				CLANG_WARN_RANGE_LOOP_ANALYSIS = YES;
				CLANG_WARN_STRICT_PROTOTYPES = YES;
				CLANG_WARN_SUSPICIOUS_MOVE = YES;
				CLANG_WARN_UNGUARDED_AVAILABILITY = YES_AGGRESSIVE;
				CLANG_WARN_UNREACHABLE_CODE = YES;
				CLANG_WARN__DUPLICATE_METHOD_MATCH = YES;
				COPY_PHASE_STRIP = NO;
				DEBUG_INFORMATION_FORMAT = dwarf;
				ENABLE_STRICT_OBJC_MSGSEND = YES;
				ENABLE_TESTABILITY = YES;
				ENABLE_USER_SCRIPT_SANDBOXING = YES;
				GCC_C_LANGUAGE_STANDARD = gnu17;
				GCC_DYNAMIC_NO_PIC = NO;
				GCC_NO_COMMON_BLOCKS = YES;
				GCC_OPTIMIZATION_LEVEL = 0;
				GCC_PREPROCESSOR_DEFINITIONS = (
					"DEBUG=1",
					"$(inherited)",
				);
				GCC_WARN_64_TO_32_BIT_CONVERSION = YES;
				GCC_WARN_ABOUT_RETURN_TYPE = YES_ERROR;
				GCC_WARN_UNDECLARED_SELECTOR = YES;
				GCC_WARN_UNINITIALIZED_AUTOS = YES_AGGRESSIVE;
				GCC_WARN_UNUSED_FUNCTION = YES;
				GCC_WARN_UNUSED_VARIABLE = YES;
				IPHONEOS_DEPLOYMENT_TARGET = 17.4;
				LOCALIZATION_PREFERS_STRING_CATALOGS = YES;
				MTL_ENABLE_DEBUG_INFO = INCLUDE_SOURCE;
				MTL_FAST_MATH = YES;
				ONLY_ACTIVE_ARCH = YES;
				SDKROOT = iphoneos;
				SWIFT_ACTIVE_COMPILATION_CONDITIONS = "DEBUG $(inherited)";
				SWIFT_OPTIMIZATION_LEVEL = "-Onone";
			};
			name = Debug;
		};
		E1B8A8BD2BE342A80084D5B0 /* Release */ = {
			isa = XCBuildConfiguration;
			buildSettings = {
				ALWAYS_SEARCH_USER_PATHS = NO;
				ASSETCATALOG_COMPILER_GENERATE_SWIFT_ASSET_SYMBOL_EXTENSIONS = YES;
				CLANG_ANALYZER_NONNULL = YES;
				CLANG_ANALYZER_NUMBER_OBJECT_CONVERSION = YES_AGGRESSIVE;
				CLANG_CXX_LANGUAGE_STANDARD = "gnu++20";
				CLANG_ENABLE_MODULES = YES;
				CLANG_ENABLE_OBJC_ARC = YES;
				CLANG_ENABLE_OBJC_WEAK = YES;
				CLANG_WARN_BLOCK_CAPTURE_AUTORELEASING = YES;
				CLANG_WARN_BOOL_CONVERSION = YES;
				CLANG_WARN_COMMA = YES;
				CLANG_WARN_CONSTANT_CONVERSION = YES;
				CLANG_WARN_DEPRECATED_OBJC_IMPLEMENTATIONS = YES;
				CLANG_WARN_DIRECT_OBJC_ISA_USAGE = YES_ERROR;
				CLANG_WARN_DOCUMENTATION_COMMENTS = YES;
				CLANG_WARN_EMPTY_BODY = YES;
				CLANG_WARN_ENUM_CONVERSION = YES;
				CLANG_WARN_INFINITE_RECURSION = YES;
				CLANG_WARN_INT_CONVERSION = YES;
				CLANG_WARN_NON_LITERAL_NULL_CONVERSION = YES;
				CLANG_WARN_OBJC_IMPLICIT_RETAIN_SELF = YES;
				CLANG_WARN_OBJC_LITERAL_CONVERSION = YES;
				CLANG_WARN_OBJC_ROOT_CLASS = YES_ERROR;
				CLANG_WARN_QUOTED_INCLUDE_IN_FRAMEWORK_HEADER = YES;
				CLANG_WARN_RANGE_LOOP_ANALYSIS = YES;
				CLANG_WARN_STRICT_PROTOTYPES = YES;
				CLANG_WARN_SUSPICIOUS_MOVE = YES;
				CLANG_WARN_UNGUARDED_AVAILABILITY = YES_AGGRESSIVE;
				CLANG_WARN_UNREACHABLE_CODE = YES;
				CLANG_WARN__DUPLICATE_METHOD_MATCH = YES;
				COPY_PHASE_STRIP = NO;
				DEBUG_INFORMATION_FORMAT = "dwarf-with-dsym";
				ENABLE_NS_ASSERTIONS = NO;
				ENABLE_STRICT_OBJC_MSGSEND = YES;
				ENABLE_USER_SCRIPT_SANDBOXING = YES;
				GCC_C_LANGUAGE_STANDARD = gnu17;
				GCC_NO_COMMON_BLOCKS = YES;
				GCC_WARN_64_TO_32_BIT_CONVERSION = YES;
				GCC_WARN_ABOUT_RETURN_TYPE = YES_ERROR;
				GCC_WARN_UNDECLARED_SELECTOR = YES;
				GCC_WARN_UNINITIALIZED_AUTOS = YES_AGGRESSIVE;
				GCC_WARN_UNUSED_FUNCTION = YES;
				GCC_WARN_UNUSED_VARIABLE = YES;
				IPHONEOS_DEPLOYMENT_TARGET = 17.4;
				LOCALIZATION_PREFERS_STRING_CATALOGS = YES;
				MTL_ENABLE_DEBUG_INFO = NO;
				MTL_FAST_MATH = YES;
				SDKROOT = iphoneos;
				SWIFT_COMPILATION_MODE = wholemodule;
				VALIDATE_PRODUCT = YES;
			};
			name = Release;
		};
		E1B8A8BF2BE342A80084D5B0 /* Debug */ = {
			isa = XCBuildConfiguration;
			buildSettings = {
				ASSETCATALOG_COMPILER_APPICON_NAME = AppIcon;
				ASSETCATALOG_COMPILER_GLOBAL_ACCENT_COLOR_NAME = AccentColor;
				CODE_SIGN_STYLE = Automatic;
				CURRENT_PROJECT_VERSION = 1;
				DEVELOPMENT_ASSET_PATHS = "\"animations/Preview Content\"";
				DEVELOPMENT_TEAM = PS665D4U8B;
				ENABLE_PREVIEWS = YES;
				GENERATE_INFOPLIST_FILE = YES;
				INFOPLIST_KEY_UIApplicationSceneManifest_Generation = YES;
				INFOPLIST_KEY_UIApplicationSupportsIndirectInputEvents = YES;
				INFOPLIST_KEY_UILaunchScreen_Generation = YES;
				INFOPLIST_KEY_UISupportedInterfaceOrientations_iPad = "UIInterfaceOrientationPortrait UIInterfaceOrientationPortraitUpsideDown UIInterfaceOrientationLandscapeLeft UIInterfaceOrientationLandscapeRight";
				INFOPLIST_KEY_UISupportedInterfaceOrientations_iPhone = "UIInterfaceOrientationPortrait UIInterfaceOrientationLandscapeLeft UIInterfaceOrientationLandscapeRight";
				LD_RUNPATH_SEARCH_PATHS = (
					"$(inherited)",
					"@executable_path/Frameworks",
				);
				MARKETING_VERSION = 1.0;
				PRODUCT_BUNDLE_IDENTIFIER = com.stevencc.animations;
				PRODUCT_NAME = "$(TARGET_NAME)";
				SWIFT_EMIT_LOC_STRINGS = YES;
				SWIFT_VERSION = 5.0;
				TARGETED_DEVICE_FAMILY = "1,2";
			};
			name = Debug;
		};
		E1B8A8C02BE342A80084D5B0 /* Release */ = {
			isa = XCBuildConfiguration;
			buildSettings = {
				ASSETCATALOG_COMPILER_APPICON_NAME = AppIcon;
				ASSETCATALOG_COMPILER_GLOBAL_ACCENT_COLOR_NAME = AccentColor;
				CODE_SIGN_STYLE = Automatic;
				CURRENT_PROJECT_VERSION = 1;
				DEVELOPMENT_ASSET_PATHS = "\"animations/Preview Content\"";
				DEVELOPMENT_TEAM = PS665D4U8B;
				ENABLE_PREVIEWS = YES;
				GENERATE_INFOPLIST_FILE = YES;
				INFOPLIST_KEY_UIApplicationSceneManifest_Generation = YES;
				INFOPLIST_KEY_UIApplicationSupportsIndirectInputEvents = YES;
				INFOPLIST_KEY_UILaunchScreen_Generation = YES;
				INFOPLIST_KEY_UISupportedInterfaceOrientations_iPad = "UIInterfaceOrientationPortrait UIInterfaceOrientationPortraitUpsideDown UIInterfaceOrientationLandscapeLeft UIInterfaceOrientationLandscapeRight";
				INFOPLIST_KEY_UISupportedInterfaceOrientations_iPhone = "UIInterfaceOrientationPortrait UIInterfaceOrientationLandscapeLeft UIInterfaceOrientationLandscapeRight";
				LD_RUNPATH_SEARCH_PATHS = (
					"$(inherited)",
					"@executable_path/Frameworks",
				);
				MARKETING_VERSION = 1.0;
				PRODUCT_BUNDLE_IDENTIFIER = com.stevencc.animations;
				PRODUCT_NAME = "$(TARGET_NAME)";
				SWIFT_EMIT_LOC_STRINGS = YES;
				SWIFT_VERSION = 5.0;
				TARGETED_DEVICE_FAMILY = "1,2";
			};
			name = Release;
		};
		E1B8A8C22BE342A80084D5B0 /* Debug */ = {
			isa = XCBuildConfiguration;
			buildSettings = {
				ALWAYS_EMBED_SWIFT_STANDARD_LIBRARIES = YES;
				BUNDLE_LOADER = "$(TEST_HOST)";
				CODE_SIGN_STYLE = Automatic;
				CURRENT_PROJECT_VERSION = 1;
				DEVELOPMENT_TEAM = PS665D4U8B;
				GENERATE_INFOPLIST_FILE = YES;
				IPHONEOS_DEPLOYMENT_TARGET = 17.4;
				MARKETING_VERSION = 1.0;
				PRODUCT_BUNDLE_IDENTIFIER = com.stevencc.animationsTests;
				PRODUCT_NAME = "$(TARGET_NAME)";
				SWIFT_EMIT_LOC_STRINGS = NO;
				SWIFT_VERSION = 5.0;
				TARGETED_DEVICE_FAMILY = "1,2";
				TEST_HOST = "$(BUILT_PRODUCTS_DIR)/animations.app/$(BUNDLE_EXECUTABLE_FOLDER_PATH)/animations";
			};
			name = Debug;
		};
		E1B8A8C32BE342A80084D5B0 /* Release */ = {
			isa = XCBuildConfiguration;
			buildSettings = {
				ALWAYS_EMBED_SWIFT_STANDARD_LIBRARIES = YES;
				BUNDLE_LOADER = "$(TEST_HOST)";
				CODE_SIGN_STYLE = Automatic;
				CURRENT_PROJECT_VERSION = 1;
				DEVELOPMENT_TEAM = PS665D4U8B;
				GENERATE_INFOPLIST_FILE = YES;
				IPHONEOS_DEPLOYMENT_TARGET = 17.4;
				MARKETING_VERSION = 1.0;
				PRODUCT_BUNDLE_IDENTIFIER = com.stevencc.animationsTests;
				PRODUCT_NAME = "$(TARGET_NAME)";
				SWIFT_EMIT_LOC_STRINGS = NO;
				SWIFT_VERSION = 5.0;
				TARGETED_DEVICE_FAMILY = "1,2";
				TEST_HOST = "$(BUILT_PRODUCTS_DIR)/animations.app/$(BUNDLE_EXECUTABLE_FOLDER_PATH)/animations";
			};
			name = Release;
		};
		E1B8A8C52BE342A80084D5B0 /* Debug */ = {
			isa = XCBuildConfiguration;
			buildSettings = {
				ALWAYS_EMBED_SWIFT_STANDARD_LIBRARIES = YES;
				CODE_SIGN_STYLE = Automatic;
				CURRENT_PROJECT_VERSION = 1;
				DEVELOPMENT_TEAM = PS665D4U8B;
				GENERATE_INFOPLIST_FILE = YES;
				MARKETING_VERSION = 1.0;
				PRODUCT_BUNDLE_IDENTIFIER = com.stevencc.animationsUITests;
				PRODUCT_NAME = "$(TARGET_NAME)";
				SWIFT_EMIT_LOC_STRINGS = NO;
				SWIFT_VERSION = 5.0;
				TARGETED_DEVICE_FAMILY = "1,2";
				TEST_TARGET_NAME = animations;
			};
			name = Debug;
		};
		E1B8A8C62BE342A80084D5B0 /* Release */ = {
			isa = XCBuildConfiguration;
			buildSettings = {
				ALWAYS_EMBED_SWIFT_STANDARD_LIBRARIES = YES;
				CODE_SIGN_STYLE = Automatic;
				CURRENT_PROJECT_VERSION = 1;
				DEVELOPMENT_TEAM = PS665D4U8B;
				GENERATE_INFOPLIST_FILE = YES;
				MARKETING_VERSION = 1.0;
				PRODUCT_BUNDLE_IDENTIFIER = com.stevencc.animationsUITests;
				PRODUCT_NAME = "$(TARGET_NAME)";
				SWIFT_EMIT_LOC_STRINGS = NO;
				SWIFT_VERSION = 5.0;
				TARGETED_DEVICE_FAMILY = "1,2";
				TEST_TARGET_NAME = animations;
			};
			name = Release;
		};
/* End XCBuildConfiguration section */

/* Begin XCConfigurationList section */
		E1B8A8952BE342A70084D5B0 /* Build configuration list for PBXProject "animations" */ = {
			isa = XCConfigurationList;
			buildConfigurations = (
				E1B8A8BC2BE342A80084D5B0 /* Debug */,
				E1B8A8BD2BE342A80084D5B0 /* Release */,
			);
			defaultConfigurationIsVisible = 0;
			defaultConfigurationName = Release;
		};
		E1B8A8BE2BE342A80084D5B0 /* Build configuration list for PBXNativeTarget "animations" */ = {
			isa = XCConfigurationList;
			buildConfigurations = (
				E1B8A8BF2BE342A80084D5B0 /* Debug */,
				E1B8A8C02BE342A80084D5B0 /* Release */,
			);
			defaultConfigurationIsVisible = 0;
			defaultConfigurationName = Release;
		};
		E1B8A8C12BE342A80084D5B0 /* Build configuration list for PBXNativeTarget "animationsTests" */ = {
			isa = XCConfigurationList;
			buildConfigurations = (
				E1B8A8C22BE342A80084D5B0 /* Debug */,
				E1B8A8C32BE342A80084D5B0 /* Release */,
			);
			defaultConfigurationIsVisible = 0;
			defaultConfigurationName = Release;
		};
		E1B8A8C42BE342A80084D5B0 /* Build configuration list for PBXNativeTarget "animationsUITests" */ = {
			isa = XCConfigurationList;
			buildConfigurations = (
				E1B8A8C52BE342A80084D5B0 /* Debug */,
				E1B8A8C62BE342A80084D5B0 /* Release */,
			);
			defaultConfigurationIsVisible = 0;
			defaultConfigurationName = Release;
		};
/* End XCConfigurationList section */
	};
	rootObject = E1B8A8922BE342A70084D5B0 /* Project object */;
}
